// !$*UTF8*$!
{
	archiveVersion = 1;
	classes = {
	};
	objectVersion = 48;
	objects = {

/* Begin PBXBuildFile section */
		1F221F2D206E5D5D0083C530 /* facilities.json in Resources */ = {isa = PBXBuildFile; fileRef = 1F221F2C206E5D5D0083C530 /* facilities.json */; };
		2898F24E206E5C0800206659 /* AppDelegate.swift in Sources */ = {isa = PBXBuildFile; fileRef = 2898F24D206E5C0800206659 /* AppDelegate.swift */; };
		2898F250206E5C0800206659 /* ViewController.swift in Sources */ = {isa = PBXBuildFile; fileRef = 2898F24F206E5C0800206659 /* ViewController.swift */; };
		2898F253206E5C0800206659 /* Main.storyboard in Resources */ = {isa = PBXBuildFile; fileRef = 2898F251206E5C0800206659 /* Main.storyboard */; };
		2898F255206E5C0800206659 /* Assets.xcassets in Resources */ = {isa = PBXBuildFile; fileRef = 2898F254206E5C0800206659 /* Assets.xcassets */; };
		2898F258206E5C0800206659 /* LaunchScreen.storyboard in Resources */ = {isa = PBXBuildFile; fileRef = 2898F256206E5C0800206659 /* LaunchScreen.storyboard */; };
		2898F260206E607300206659 /* FacilityAnnotation.swift in Sources */ = {isa = PBXBuildFile; fileRef = 2898F25F206E607300206659 /* FacilityAnnotation.swift */; };
/* End PBXBuildFile section */

/* Begin PBXFileReference section */
		1F221F2C206E5D5D0083C530 /* facilities.json */ = {isa = PBXFileReference; fileEncoding = 4; lastKnownFileType = text.json; path = facilities.json; sourceTree = "<group>"; };
		2898F24A206E5C0800206659 /* MitakaPublicFacilities.app */ = {isa = PBXFileReference; explicitFileType = wrapper.application; includeInIndex = 0; path = MitakaPublicFacilities.app; sourceTree = BUILT_PRODUCTS_DIR; };
		2898F24D206E5C0800206659 /* AppDelegate.swift */ = {isa = PBXFileReference; lastKnownFileType = sourcecode.swift; path = AppDelegate.swift; sourceTree = "<group>"; };
		2898F24F206E5C0800206659 /* ViewController.swift */ = {isa = PBXFileReference; lastKnownFileType = sourcecode.swift; path = ViewController.swift; sourceTree = "<group>"; };
		2898F252206E5C0800206659 /* Base */ = {isa = PBXFileReference; lastKnownFileType = file.storyboard; name = Base; path = Base.lproj/Main.storyboard; sourceTree = "<group>"; };
		2898F254206E5C0800206659 /* Assets.xcassets */ = {isa = PBXFileReference; lastKnownFileType = folder.assetcatalog; path = Assets.xcassets; sourceTree = "<group>"; };
		2898F257206E5C0800206659 /* Base */ = {isa = PBXFileReference; lastKnownFileType = file.storyboard; name = Base; path = Base.lproj/LaunchScreen.storyboard; sourceTree = "<group>"; };
		2898F259206E5C0800206659 /* Info.plist */ = {isa = PBXFileReference; lastKnownFileType = text.plist.xml; path = Info.plist; sourceTree = "<group>"; };
		2898F25F206E607300206659 /* FacilityAnnotation.swift */ = {isa = PBXFileReference; lastKnownFileType = sourcecode.swift; path = FacilityAnnotation.swift; sourceTree = "<group>"; };
/* End PBXFileReference section */

/* Begin PBXFrameworksBuildPhase section */
		2898F247206E5C0800206659 /* Frameworks */ = {
			isa = PBXFrameworksBuildPhase;
			buildActionMask = 2147483647;
			files = (
			);
			runOnlyForDeploymentPostprocessing = 0;
		};
/* End PBXFrameworksBuildPhase section */

/* Begin PBXGroup section */
		2898F241206E5C0800206659 = {
			isa = PBXGroup;
			children = (
				2898F24C206E5C0800206659 /* MitakaPublicFacilities */,
				2898F24B206E5C0800206659 /* Products */,
			);
			sourceTree = "<group>";
		};
		2898F24B206E5C0800206659 /* Products */ = {
			isa = PBXGroup;
			children = (
				2898F24A206E5C0800206659 /* MitakaPublicFacilities.app */,
			);
			name = Products;
			sourceTree = "<group>";
		};
		2898F24C206E5C0800206659 /* MitakaPublicFacilities */ = {
			isa = PBXGroup;
			children = (
				1F221F2C206E5D5D0083C530 /* facilities.json */,
				2898F24D206E5C0800206659 /* AppDelegate.swift */,
				2898F24F206E5C0800206659 /* ViewController.swift */,
				2898F25F206E607300206659 /* FacilityAnnotation.swift */,
				2898F251206E5C0800206659 /* Main.storyboard */,
				2898F254206E5C0800206659 /* Assets.xcassets */,
				2898F256206E5C0800206659 /* LaunchScreen.storyboard */,
				2898F259206E5C0800206659 /* Info.plist */,
			);
			path = MitakaPublicFacilities;
			sourceTree = "<group>";
		};
/* End PBXGroup section */

/* Begin PBXNativeTarget section */
		2898F249206E5C0800206659 /* MitakaPublicFacilities */ = {
			isa = PBXNativeTarget;
			buildConfigurationList = 2898F25C206E5C0800206659 /* Build configuration list for PBXNativeTarget "MitakaPublicFacilities" */;
			buildPhases = (
				2898F246206E5C0800206659 /* Sources */,
				2898F247206E5C0800206659 /* Frameworks */,
				2898F248206E5C0800206659 /* Resources */,
			);
			buildRules = (
			);
			dependencies = (
			);
			name = MitakaPublicFacilities;
			productName = MitakaPublicFacilities;
			productReference = 2898F24A206E5C0800206659 /* MitakaPublicFacilities.app */;
			productType = "com.apple.product-type.application";
		};
/* End PBXNativeTarget section */

/* Begin PBXProject section */
		2898F242206E5C0800206659 /* Project object */ = {
			isa = PBXProject;
			attributes = {
				LastSwiftUpdateCheck = 0920;
				LastUpgradeCheck = 0920;
				ORGANIZATIONNAME = "李超逸";
				TargetAttributes = {
					2898F249206E5C0800206659 = {
						CreatedOnToolsVersion = 9.2;
						ProvisioningStyle = Automatic;
					};
				};
			};
			buildConfigurationList = 2898F245206E5C0800206659 /* Build configuration list for PBXProject "MitakaPublicFacilities" */;
			compatibilityVersion = "Xcode 8.0";
			developmentRegion = en;
			hasScannedForEncodings = 0;
			knownRegions = (
				en,
				Base,
			);
			mainGroup = 2898F241206E5C0800206659;
			productRefGroup = 2898F24B206E5C0800206659 /* Products */;
			projectDirPath = "";
			projectRoot = "";
			targets = (
				2898F249206E5C0800206659 /* MitakaPublicFacilities */,
			);
		};
/* End PBXProject section */

/* Begin PBXResourcesBuildPhase section */
		2898F248206E5C0800206659 /* Resources */ = {
			isa = PBXResourcesBuildPhase;
			buildActionMask = 2147483647;
			files = (
				1F221F2D206E5D5D0083C530 /* facilities.json in Resources */,
				2898F258206E5C0800206659 /* LaunchScreen.storyboard in Resources */,
				2898F255206E5C0800206659 /* Assets.xcassets in Resources */,
				2898F253206E5C0800206659 /* Main.storyboard in Resources */,
			);
			runOnlyForDeploymentPostprocessing = 0;
		};
/* End PBXResourcesBuildPhase section */

/* Begin PBXSourcesBuildPhase section */
		2898F246206E5C0800206659 /* Sources */ = {
			isa = PBXSourcesBuildPhase;
			buildActionMask = 2147483647;
			files = (
				2898F260206E607300206659 /* FacilityAnnotation.swift in Sources */,
				2898F250206E5C0800206659 /* ViewController.swift in Sources */,
				2898F24E206E5C0800206659 /* AppDelegate.swift in Sources */,
			);
			runOnlyForDeploymentPostprocessing = 0;
		};
/* End PBXSourcesBuildPhase section */

/* Begin PBXVariantGroup section */
		2898F251206E5C0800206659 /* Main.storyboard */ = {
			isa = PBXVariantGroup;
			children = (
				2898F252206E5C0800206659 /* Base */,
			);
			name = Main.storyboard;
			sourceTree = "<group>";
		};
		2898F256206E5C0800206659 /* LaunchScreen.storyboard */ = {
			isa = PBXVariantGroup;
			children = (
				2898F257206E5C0800206659 /* Base */,
			);
			name = LaunchScreen.storyboard;
			sourceTree = "<group>";
		};
/* End PBXVariantGroup section */

/* Begin XCBuildConfiguration section */
		2898F25A206E5C0800206659 /* Debug */ = {
			isa = XCBuildConfiguration;
			buildSettings = {
				ALWAYS_SEARCH_USER_PATHS = NO;
				CLANG_ANALYZER_NONNULL = YES;
				CLANG_ANALYZER_NUMBER_OBJECT_CONVERSION = YES_AGGRESSIVE;
				CLANG_CXX_LANGUAGE_STANDARD = "gnu++14";
				CLANG_CXX_LIBRARY = "libc++";
				CLANG_ENABLE_MODULES = YES;
				CLANG_ENABLE_OBJC_ARC = YES;
				CLANG_WARN_BLOCK_CAPTURE_AUTORELEASING = YES;
				CLANG_WARN_BOOL_CONVERSION = YES;
				CLANG_WARN_COMMA = YES;
				CLANG_WARN_CONSTANT_CONVERSION = YES;
				CLANG_WARN_DIRECT_OBJC_ISA_USAGE = YES_ERROR;
				CLANG_WARN_DOCUMENTATION_COMMENTS = YES;
				CLANG_WARN_EMPTY_BODY = YES;
				CLANG_WARN_ENUM_CONVERSION = YES;
				CLANG_WARN_INFINITE_RECURSION = YES;
				CLANG_WARN_INT_CONVERSION = YES;
				CLANG_WARN_NON_LITERAL_NULL_CONVERSION = YES;
				CLANG_WARN_OBJC_LITERAL_CONVERSION = YES;
				CLANG_WARN_OBJC_ROOT_CLASS = YES_ERROR;
				CLANG_WARN_RANGE_LOOP_ANALYSIS = YES;
				CLANG_WARN_STRICT_PROTOTYPES = YES;
				CLANG_WARN_SUSPICIOUS_MOVE = YES;
				CLANG_WARN_UNGUARDED_AVAILABILITY = YES_AGGRESSIVE;
				CLANG_WARN_UNREACHABLE_CODE = YES;
				CLANG_WARN__DUPLICATE_METHOD_MATCH = YES;
				CODE_SIGN_IDENTITY = "iPhone Developer";
				COPY_PHASE_STRIP = NO;
				DEBUG_INFORMATION_FORMAT = dwarf;
				ENABLE_STRICT_OBJC_MSGSEND = YES;
				ENABLE_TESTABILITY = YES;
				GCC_C_LANGUAGE_STANDARD = gnu11;
				GCC_DYNAMIC_NO_PIC = NO;
				GCC_NO_COMMON_BLOCKS = YES;
				GCC_OPTIMIZATION_LEVEL = 0;
				GCC_PREPROCESSOR_DEFINITIONS = (
					"DEBUG=1",
					"$(inherited)",
				);
				GCC_WARN_64_TO_32_BIT_CONVERSION = YES;
				GCC_WARN_ABOUT_RETURN_TYPE = YES_ERROR;
				GCC_WARN_UNDECLARED_SELECTOR = YES;
				GCC_WARN_UNINITIALIZED_AUTOS = YES_AGGRESSIVE;
				GCC_WARN_UNUSED_FUNCTION = YES;
				GCC_WARN_UNUSED_VARIABLE = YES;
				IPHONEOS_DEPLOYMENT_TARGET = 11.2;
				MTL_ENABLE_DEBUG_INFO = YES;
				ONLY_ACTIVE_ARCH = YES;
				SDKROOT = iphoneos;
				SWIFT_ACTIVE_COMPILATION_CONDITIONS = DEBUG;
				SWIFT_OPTIMIZATION_LEVEL = "-Onone";
			};
			name = Debug;
		};
		2898F25B206E5C0800206659 /* Release */ = {
			isa = XCBuildConfiguration;
			buildSettings = {
				ALWAYS_SEARCH_USER_PATHS = NO;
				CLANG_ANALYZER_NONNULL = YES;
				CLANG_ANALYZER_NUMBER_OBJECT_CONVERSION = YES_AGGRESSIVE;
				CLANG_CXX_LANGUAGE_STANDARD = "gnu++14";
				CLANG_CXX_LIBRARY = "libc++";
				CLANG_ENABLE_MODULES = YES;
				CLANG_ENABLE_OBJC_ARC = YES;
				CLANG_WARN_BLOCK_CAPTURE_AUTORELEASING = YES;
				CLANG_WARN_BOOL_CONVERSION = YES;
				CLANG_WARN_COMMA = YES;
				CLANG_WARN_CONSTANT_CONVERSION = YES;
				CLANG_WARN_DIRECT_OBJC_ISA_USAGE = YES_ERROR;
				CLANG_WARN_DOCUMENTATION_COMMENTS = YES;
				CLANG_WARN_EMPTY_BODY = YES;
				CLANG_WARN_ENUM_CONVERSION = YES;
				CLANG_WARN_INFINITE_RECURSION = YES;
				CLANG_WARN_INT_CONVERSION = YES;
				CLANG_WARN_NON_LITERAL_NULL_CONVERSION = YES;
				CLANG_WARN_OBJC_LITERAL_CONVERSION = YES;
				CLANG_WARN_OBJC_ROOT_CLASS = YES_ERROR;
				CLANG_WARN_RANGE_LOOP_ANALYSIS = YES;
				CLANG_WARN_STRICT_PROTOTYPES = YES;
				CLANG_WARN_SUSPICIOUS_MOVE = YES;
				CLANG_WARN_UNGUARDED_AVAILABILITY = YES_AGGRESSIVE;
				CLANG_WARN_UNREACHABLE_CODE = YES;
				CLANG_WARN__DUPLICATE_METHOD_MATCH = YES;
				CODE_SIGN_IDENTITY = "iPhone Developer";
				COPY_PHASE_STRIP = NO;
				DEBUG_INFORMATION_FORMAT = "dwarf-with-dsym";
				ENABLE_NS_ASSERTIONS = NO;
				ENABLE_STRICT_OBJC_MSGSEND = YES;
				GCC_C_LANGUAGE_STANDARD = gnu11;
				GCC_NO_COMMON_BLOCKS = YES;
				GCC_WARN_64_TO_32_BIT_CONVERSION = YES;
				GCC_WARN_ABOUT_RETURN_TYPE = YES_ERROR;
				GCC_WARN_UNDECLARED_SELECTOR = YES;
				GCC_WARN_UNINITIALIZED_AUTOS = YES_AGGRESSIVE;
				GCC_WARN_UNUSED_FUNCTION = YES;
				GCC_WARN_UNUSED_VARIABLE = YES;
				IPHONEOS_DEPLOYMENT_TARGET = 11.2;
				MTL_ENABLE_DEBUG_INFO = NO;
				SDKROOT = iphoneos;
				SWIFT_OPTIMIZATION_LEVEL = "-Owholemodule";
				VALIDATE_PRODUCT = YES;
			};
			name = Release;
		};
		2898F25D206E5C0800206659 /* Debug */ = {
			isa = XCBuildConfiguration;
			buildSettings = {
				ASSETCATALOG_COMPILER_APPICON_NAME = AppIcon;
				CODE_SIGN_STYLE = Automatic;
				DEVELOPMENT_TEAM = 999Z8LAQ98;
				INFOPLIST_FILE = MitakaPublicFacilities/Info.plist;
				LD_RUNPATH_SEARCH_PATHS = "$(inherited) @executable_path/Frameworks";
				PRODUCT_BUNDLE_IDENTIFIER = me.lichaoyi.MitakaPublicFacilities;
				PRODUCT_NAME = "$(TARGET_NAME)";
				SWIFT_VERSION = 4.0;
				TARGETED_DEVICE_FAMILY = "1,2";
			};
			name = Debug;
		};
		2898F25E206E5C0800206659 /* Release */ = {
			isa = XCBuildConfiguration;
			buildSettings = {
				ASSETCATALOG_COMPILER_APPICON_NAME = AppIcon;
				CODE_SIGN_STYLE = Automatic;
				DEVELOPMENT_TEAM = 999Z8LAQ98;
				INFOPLIST_FILE = MitakaPublicFacilities/Info.plist;
				LD_RUNPATH_SEARCH_PATHS = "$(inherited) @executable_path/Frameworks";
				PRODUCT_BUNDLE_IDENTIFIER = me.lichaoyi.MitakaPublicFacilities;
				PRODUCT_NAME = "$(TARGET_NAME)";
				SWIFT_VERSION = 4.0;
				TARGETED_DEVICE_FAMILY = "1,2";
			};
			name = Release;
		};
/* End XCBuildConfiguration section */

/* Begin XCConfigurationList section */
		2898F245206E5C0800206659 /* Build configuration list for PBXProject "MitakaPublicFacilities" */ = {
			isa = XCConfigurationList;
			buildConfigurations = (
				2898F25A206E5C0800206659 /* Debug */,
				2898F25B206E5C0800206659 /* Release */,
			);
			defaultConfigurationIsVisible = 0;
			defaultConfigurationName = Release;
		};
		2898F25C206E5C0800206659 /* Build configuration list for PBXNativeTarget "MitakaPublicFacilities" */ = {
			isa = XCConfigurationList;
			buildConfigurations = (
				2898F25D206E5C0800206659 /* Debug */,
				2898F25E206E5C0800206659 /* Release */,
			);
			defaultConfigurationIsVisible = 0;
			defaultConfigurationName = Release;
		};
/* End XCConfigurationList section */
	};
	rootObject = 2898F242206E5C0800206659 /* Project object */;
}
